
Microsoft Visual Studio Solution File, Format Version 12.00
# Visual Studio Version 17
VisualStudioVersion = 17.1.32210.238
MinimumVisualStudioVersion = 10.0.40219.1
Project("{FAE04EC0-301F-11D3-BF4B-00C04F79EFBC}") = "Exercise4", "Exercise4\Exercise4.csproj", "{EC34BEAA-22B6-4BEA-B30E-477AED5337E7}"
EndProject
Global
	GlobalSection(SolutionConfigurationPlatforms) = preSolution
		Debug|Any CPU = Debug|Any CPU
		Release|Any CPU = Release|Any CPU
	EndGlobalSection
	GlobalSection(ProjectConfigurationPlatforms) = postSolution
		{EC34BEAA-22B6-4BEA-B30E-477AED5337E7}.Debug|Any CPU.ActiveCfg = Debug|Any CPU
		{EC34BEAA-22B6-4BEA-B30E-477AED5337E7}.Debug|Any CPU.Build.0 = Debug|Any CPU
		{EC34BEAA-22B6-4BEA-B30E-477AED5337E7}.Release|Any CPU.ActiveCfg = Release|Any CPU
		{EC34BEAA-22B6-4BEA-B30E-477AED5337E7}.Release|Any CPU.Build.0 = Release|Any CPU
	EndGlobalSection
	GlobalSection(SolutionProperties) = preSolution
		HideSolutionNode = FALSE
	EndGlobalSection
	GlobalSection(ExtensibilityGlobals) = postSolution
		SolutionGuid = {D85FE675-F509-4547-B353-58601C74AE6B}
	EndGlobalSection
EndGlobal
